
Microsoft Visual Studio Solution File, Format Version 10.00
# Visual Studio 2008
Project("{8BC9CEB8-8B4A-11D0-8D11-00A0C91BC942}") = "fingerwalk_viewer", "fingerwalk_viewer\fingerwalk_viewer.vcproj", "{D782B6E9-07BE-4373-A9FD-AFB5C1A783AE}"
EndProject
Global
	GlobalSection(SolutionConfigurationPlatforms) = preSolution
		Debug|Win32 = Debug|Win32
		Release|Win32 = Release|Win32
	EndGlobalSection
	GlobalSection(ProjectConfigurationPlatforms) = postSolution
		{D782B6E9-07BE-4373-A9FD-AFB5C1A783AE}.Debug|Win32.ActiveCfg = Debug|Win32
		{D782B6E9-07BE-4373-A9FD-AFB5C1A783AE}.Debug|Win32.Build.0 = Debug|Win32
		{D782B6E9-07BE-4373-A9FD-AFB5C1A783AE}.Release|Win32.ActiveCfg = Release|Win32
		{D782B6E9-07BE-4373-A9FD-AFB5C1A783AE}.Release|Win32.Build.0 = Release|Win32
	EndGlobalSection
	GlobalSection(SolutionProperties) = preSolution
		HideSolutionNode = FALSE
	EndGlobalSection
EndGlobal
